
Microsoft Visual Studio Solution File, Format Version 12.00
# Visual Studio Version 17
VisualStudioVersion = 17.9.34622.214
MinimumVisualStudioVersion = 10.0.40219.1
Project("{FAE04EC0-301F-11D3-BF4B-00C04F79EFBC}") = "Sort", "Sort\Sort.csproj", "{8673FF36-3313-48CF-A051-C897D29F1B69}"
EndProject
Global
	GlobalSection(SolutionConfigurationPlatforms) = preSolution
		Debug|Any CPU = Debug|Any CPU
		Release|Any CPU = Release|Any CPU
	EndGlobalSection
	GlobalSection(ProjectConfigurationPlatforms) = postSolution
		{8673FF36-3313-48CF-A051-C897D29F1B69}.Debug|Any CPU.ActiveCfg = Debug|Any CPU
		{8673FF36-3313-48CF-A051-C897D29F1B69}.Debug|Any CPU.Build.0 = Debug|Any CPU
		{8673FF36-3313-48CF-A051-C897D29F1B69}.Release|Any CPU.ActiveCfg = Release|Any CPU
		{8673FF36-3313-48CF-A051-C897D29F1B69}.Release|Any CPU.Build.0 = Release|Any CPU
	EndGlobalSection
	GlobalSection(SolutionProperties) = preSolution
		HideSolutionNode = FALSE
	EndGlobalSection
	GlobalSection(ExtensibilityGlobals) = postSolution
		SolutionGuid = {D3CA4943-1454-4152-9035-6E531AC7FD85}
	EndGlobalSection
EndGlobal
